# THIS IS AN AUTOGENERATED FILE. DO NOT EDIT THIS FILE DIRECTLY.
# yarn lockfile v1


asyncawait@^1.0.6:
  version "1.0.6"
  resolved "https://registry.yarnpkg.com/asyncawait/-/asyncawait-1.0.6.tgz#e446cf54e516a416d7423bbe35bf0b4e2b738b67"
  dependencies:
    bluebird "^3.1.1"
    fibers "^1.0.8"
    lodash v3.10.1

bluebird@^3.1.1:
  version "3.4.7"
  resolved "https://registry.yarnpkg.com/bluebird/-/bluebird-3.4.7.tgz#f72d760be09b7f76d08ed8fae98b289a8d05fab3"

booli-api@0.0.1:
  version "0.0.1"
  resolved "https://registry.yarnpkg.com/booli-api/-/booli-api-0.0.1.tgz#659fef579b33f579b0892c98457e9e388ef446e9"
  dependencies:
    node-fetch "^1.5.3"

encoding@^0.1.11:
  version "0.1.12"
  resolved "https://registry.yarnpkg.com/encoding/-/encoding-0.1.12.tgz#538b66f3ee62cd1ab51ec323829d1f9480c74beb"
  dependencies:
    iconv-lite "~0.4.13"

fibers@^1.0.8:
  version "1.0.15"
  resolved "https://registry.yarnpkg.com/fibers/-/fibers-1.0.15.tgz#22f039c8f18b856190fbbe4decf056154c1eae9c"

iconv-lite@~0.4.13:
  version "0.4.15"
  resolved "https://registry.yarnpkg.com/iconv-lite/-/iconv-lite-0.4.15.tgz#fe265a218ac6a57cfe854927e9d04c19825eddeb"

is-stream@^1.0.1:
  version "1.1.0"
  resolved "https://registry.yarnpkg.com/is-stream/-/is-stream-1.1.0.tgz#12d4a3dd4e68e0b79ceb8dbc84173ae80d91ca44"

lodash@v3.10.1:
  version "3.10.1"
  resolved "https://registry.yarnpkg.com/lodash/-/lodash-3.10.1.tgz#5bf45e8e49ba4189e17d482789dfd15bd140b7b6"

node-fetch@^1.5.3:
  version "1.6.3"
  resolved "https://registry.yarnpkg.com/node-fetch/-/node-fetch-1.6.3.tgz#dc234edd6489982d58e8f0db4f695029abcd8c04"
  dependencies:
    encoding "^0.1.11"
    is-stream "^1.0.1"
